{
  "name": "fly",
  "version": "1.0.0",
  "lockfileVersion": 3,
  "requires": true,
  "packages": {
    "": {
      "name": "fly",
      "version": "1.0.0",
      "license": "ISC",
      "dependencies": {
        "react-google-charts": "^5.2.1"
      }
    },
    "node_modules/react-google-charts": {
      "version": "5.2.1",
      "resolved": "https://registry.npmjs.org/react-google-charts/-/react-google-charts-5.2.1.tgz",
      "integrity": "sha512-mCbPiObP8yWM5A9ogej7Qp3/HX4EzOwuEzUYvcfHtL98Xt4V/brD14KgfDzSNNtyD48MNXCpq5oVaYKt0ykQUQ==",
      "license": "MIT",
      "peerDependencies": {
        "react": ">=16.3.0",
        "react-dom": ">=16.3.0"
      }
    }
  }
}
